
Microsoft Visual Studio Solution File, Format Version 12.00
# Visual Studio Version 16
VisualStudioVersion = 16.0.30114.105
MinimumVisualStudioVersion = 10.0.40219.1
Project("{FAE04EC0-301F-11D3-BF4B-00C04F79EFBC}") = "StringCalculator", "StringCalculator.csproj", "{C79E3ACE-7E65-40D3-9D03-A4C3116F9634}"
EndProject
Project("{FAE04EC0-301F-11D3-BF4B-00C04F79EFBC}") = "StringCalculator.Tests", "..\StringCalculator.Tests\StringCalculator.Tests.csproj", "{5151D836-E143-458C-A1CD-D58A5E764EA7}"
EndProject
Project("{2150E333-8FDC-42A3-9474-1A3956D46DE8}") = "Solution Items", "Solution Items", "{AE191750-9AA6-4094-8F63-B34C5B216BEF}"
	ProjectSection(SolutionItems) = preProject
		README.md = README.md
	EndProjectSection
EndProject
Global
	GlobalSection(SolutionConfigurationPlatforms) = preSolution
		Debug|Any CPU = Debug|Any CPU
		Release|Any CPU = Release|Any CPU
	EndGlobalSection
	GlobalSection(ProjectConfigurationPlatforms) = postSolution
		{C79E3ACE-7E65-40D3-9D03-A4C3116F9634}.Debug|Any CPU.ActiveCfg = Debug|Any CPU
		{C79E3ACE-7E65-40D3-9D03-A4C3116F9634}.Debug|Any CPU.Build.0 = Debug|Any CPU
		{C79E3ACE-7E65-40D3-9D03-A4C3116F9634}.Release|Any CPU.ActiveCfg = Release|Any CPU
		{C79E3ACE-7E65-40D3-9D03-A4C3116F9634}.Release|Any CPU.Build.0 = Release|Any CPU
		{5151D836-E143-458C-A1CD-D58A5E764EA7}.Debug|Any CPU.ActiveCfg = Debug|Any CPU
		{5151D836-E143-458C-A1CD-D58A5E764EA7}.Debug|Any CPU.Build.0 = Debug|Any CPU
		{5151D836-E143-458C-A1CD-D58A5E764EA7}.Release|Any CPU.ActiveCfg = Release|Any CPU
		{5151D836-E143-458C-A1CD-D58A5E764EA7}.Release|Any CPU.Build.0 = Release|Any CPU
	EndGlobalSection
	GlobalSection(SolutionProperties) = preSolution
		HideSolutionNode = FALSE
	EndGlobalSection
	GlobalSection(ExtensibilityGlobals) = postSolution
		SolutionGuid = {60CE3BC6-C67E-4FF4-8D8C-51D46337F3A8}
	EndGlobalSection
EndGlobal
